
Microsoft Visual Studio Solution File, Format Version 12.00
# Visual Studio Version 16
VisualStudioVersion = 16.0.30804.86
MinimumVisualStudioVersion = 10.0.40219.1
Project("{FAE04EC0-301F-11D3-BF4B-00C04F79EFBC}") = "Caching.SqlServer.Infastructure", "Caching.SqlServer.Infastructure.csproj", "{695E4675-036E-4189-9AD1-3DEE6F4B52F9}"
EndProject
Global
	GlobalSection(SolutionConfigurationPlatforms) = preSolution
		Debug|Any CPU = Debug|Any CPU
		Release|Any CPU = Release|Any CPU
	EndGlobalSection
	GlobalSection(ProjectConfigurationPlatforms) = postSolution
		{695E4675-036E-4189-9AD1-3DEE6F4B52F9}.Debug|Any CPU.ActiveCfg = Debug|Any CPU
		{695E4675-036E-4189-9AD1-3DEE6F4B52F9}.Debug|Any CPU.Build.0 = Debug|Any CPU
		{695E4675-036E-4189-9AD1-3DEE6F4B52F9}.Release|Any CPU.ActiveCfg = Release|Any CPU
		{695E4675-036E-4189-9AD1-3DEE6F4B52F9}.Release|Any CPU.Build.0 = Release|Any CPU
	EndGlobalSection
	GlobalSection(SolutionProperties) = preSolution
		HideSolutionNode = FALSE
	EndGlobalSection
	GlobalSection(ExtensibilityGlobals) = postSolution
		SolutionGuid = {BB6B852D-7005-4DF7-B1EE-502CE5863681}
	EndGlobalSection
EndGlobal
